github.com/nic0nn/gomodules v0.0.0-20200912061218-b8ca74d9d631 h1:47DEQpj8HBSa+/TImW+5JCeuQeRkm5NMpJWZG3hSuFU=
github.com/nic0nn/gomodules/a v0.0.0-20200912060413-5a5b45947940 h1:0JmxcwnvLRqWJxft4YMSfFdu2M6ib1opr1n8dtNlzUI=
github.com/nic0nn/gomodules/a v0.0.0-20200912060413-5a5b45947940/go.mod h1:aIE3U8hk8vxWvwVfFeAKEJzha0pN0gvkfd6/qQocHgE=
