github.com/nic0nn/gomodules v0.0.0-20200912054412-a34707656a0e h1:47DEQpj8HBSa+/TImW+5JCeuQeRkm5NMpJWZG3hSuFU=
github.com/nic0nn/gomodules/a v0.0.0-20200912054412-a34707656a0e h1:UYMG3tW75zcRkbEoK3Ha+ZiWgJiFoom/BZK/oNa1RdU=
github.com/nic0nn/gomodules/a v0.0.0-20200912054412-a34707656a0e/go.mod h1:aIE3U8hk8vxWvwVfFeAKEJzha0pN0gvkfd6/qQocHgE=
